
Microsoft Visual Studio Solution File, Format Version 12.00
# Visual Studio Version 16
VisualStudioVersion = 16.0.35130.168
MinimumVisualStudioVersion = 10.0.40219.1
Project("{FAE04EC0-301F-11D3-BF4B-00C04F79EFBC}") = "Ordinario", "Ordinario\Ordinario.csproj", "{9859D950-0457-42B4-895F-71CB2535A8FD}"
EndProject
Global
	GlobalSection(SolutionConfigurationPlatforms) = preSolution
		Debug|Any CPU = Debug|Any CPU
		Release|Any CPU = Release|Any CPU
	EndGlobalSection
	GlobalSection(ProjectConfigurationPlatforms) = postSolution
		{9859D950-0457-42B4-895F-71CB2535A8FD}.Debug|Any CPU.ActiveCfg = Debug|Any CPU
		{9859D950-0457-42B4-895F-71CB2535A8FD}.Debug|Any CPU.Build.0 = Debug|Any CPU
		{9859D950-0457-42B4-895F-71CB2535A8FD}.Release|Any CPU.ActiveCfg = Release|Any CPU
		{9859D950-0457-42B4-895F-71CB2535A8FD}.Release|Any CPU.Build.0 = Release|Any CPU
	EndGlobalSection
	GlobalSection(SolutionProperties) = preSolution
		HideSolutionNode = FALSE
	EndGlobalSection
	GlobalSection(ExtensibilityGlobals) = postSolution
		SolutionGuid = {A5810852-DFFC-4F66-98E7-5B1A65BF2949}
	EndGlobalSection
EndGlobal
